
Microsoft Visual Studio Solution File, Format Version 12.00
# Visual Studio 15
VisualStudioVersion = 15.0.27130.2024
MinimumVisualStudioVersion = 10.0.40219.1
Project("{9A19103F-16F7-4668-BE54-9A1E7A4F7556}") = "NetworkLibrary", "NetworkLibrary\NetworkLibrary.csproj", "{C45F4D5F-A65E-4DDB-9BDA-83E8B03B8233}"
EndProject
Global
	GlobalSection(SolutionConfigurationPlatforms) = preSolution
		Debug|Any CPU = Debug|Any CPU
		Release|Any CPU = Release|Any CPU
	EndGlobalSection
	GlobalSection(ProjectConfigurationPlatforms) = postSolution
		{C45F4D5F-A65E-4DDB-9BDA-83E8B03B8233}.Debug|Any CPU.ActiveCfg = Debug|Any CPU
		{C45F4D5F-A65E-4DDB-9BDA-83E8B03B8233}.Debug|Any CPU.Build.0 = Debug|Any CPU
		{C45F4D5F-A65E-4DDB-9BDA-83E8B03B8233}.Release|Any CPU.ActiveCfg = Release|Any CPU
		{C45F4D5F-A65E-4DDB-9BDA-83E8B03B8233}.Release|Any CPU.Build.0 = Release|Any CPU
	EndGlobalSection
	GlobalSection(SolutionProperties) = preSolution
		HideSolutionNode = FALSE
	EndGlobalSection
	GlobalSection(ExtensibilityGlobals) = postSolution
		SolutionGuid = {1A77FF52-3A2F-40B0-8404-8FC8F66863FF}
	EndGlobalSection
EndGlobal
